
Microsoft Visual Studio Solution File, Format Version 12.00
# Visual Studio Version 16
VisualStudioVersion = 16.0.29709.97
MinimumVisualStudioVersion = 10.0.40219.1
Project("{9A19103F-16F7-4668-BE54-9A1E7A4F7556}") = "Li_Raymond_HW3", "Li_Raymond_HW3.csproj", "{22A60B7E-1A0B-4D58-BE7D-5A3A70827180}"
EndProject
Global
	GlobalSection(SolutionConfigurationPlatforms) = preSolution
		Debug|Any CPU = Debug|Any CPU
		Release|Any CPU = Release|Any CPU
	EndGlobalSection
	GlobalSection(ProjectConfigurationPlatforms) = postSolution
		{22A60B7E-1A0B-4D58-BE7D-5A3A70827180}.Debug|Any CPU.ActiveCfg = Debug|Any CPU
		{22A60B7E-1A0B-4D58-BE7D-5A3A70827180}.Debug|Any CPU.Build.0 = Debug|Any CPU
		{22A60B7E-1A0B-4D58-BE7D-5A3A70827180}.Release|Any CPU.ActiveCfg = Release|Any CPU
		{22A60B7E-1A0B-4D58-BE7D-5A3A70827180}.Release|Any CPU.Build.0 = Release|Any CPU
	EndGlobalSection
	GlobalSection(SolutionProperties) = preSolution
		HideSolutionNode = FALSE
	EndGlobalSection
	GlobalSection(ExtensibilityGlobals) = postSolution
		SolutionGuid = {63D3666E-930C-4285-A2E7-3C38C0F98C59}
	EndGlobalSection
EndGlobal
